github.com/golang-jwt/jwt/v5 v5.2.1 h1:OuVbFODueb089Lh128TAcimifWaLhJwVflnrgM17wHk=
github.com/golang-jwt/jwt/v5 v5.2.1/go.mod h1:pqrtFR0X4osieyHYxtmOUWsAWrfe1Q5UVIyoH402zdk=
github.com/salrashid123/signer/pem v0.0.0-20240418121505-64ade09fac3f h1:rHDh45smKkRfTzm04JkDAU3LXWnv2BRrTRZhS6as3jw=
github.com/salrashid123/signer/pem v0.0.0-20240418121505-64ade09fac3f/go.mod h1:ubge4ZKbdCTGpQRmnl2GRF+iXEYf5aPbIaLyGETaX7c=
